
Microsoft Visual Studio Solution File, Format Version 12.00
# Visual Studio 15
VisualStudioVersion = 15.0.27703.2035
MinimumVisualStudioVersion = 10.0.40219.1
Project("{FAE04EC0-301F-11D3-BF4B-00C04F79EFBC}") = "ClipbordImg2DataURI", "ClipbordImg2DataURI\ClipbordImg2DataURI.csproj", "{02C9EE48-51D2-45C2-84A1-4F10A012501E}"
EndProject
Global
	GlobalSection(SolutionConfigurationPlatforms) = preSolution
		Debug|Any CPU = Debug|Any CPU
		Release|Any CPU = Release|Any CPU
	EndGlobalSection
	GlobalSection(ProjectConfigurationPlatforms) = postSolution
		{02C9EE48-51D2-45C2-84A1-4F10A012501E}.Debug|Any CPU.ActiveCfg = Debug|Any CPU
		{02C9EE48-51D2-45C2-84A1-4F10A012501E}.Debug|Any CPU.Build.0 = Debug|Any CPU
		{02C9EE48-51D2-45C2-84A1-4F10A012501E}.Release|Any CPU.ActiveCfg = Release|Any CPU
		{02C9EE48-51D2-45C2-84A1-4F10A012501E}.Release|Any CPU.Build.0 = Release|Any CPU
	EndGlobalSection
	GlobalSection(SolutionProperties) = preSolution
		HideSolutionNode = FALSE
	EndGlobalSection
	GlobalSection(ExtensibilityGlobals) = postSolution
		SolutionGuid = {48E78011-E1F2-4654-9D28-C65626213083}
	EndGlobalSection
EndGlobal
